
Microsoft Visual Studio Solution File, Format Version 12.00
# Visual Studio Version 17
VisualStudioVersion = 17.4.33403.182
MinimumVisualStudioVersion = 10.0.40219.1
Project("{FAE04EC0-301F-11D3-BF4B-00C04F79EFBC}") = "BATAILLE_NAVALE", "BATAILLE_NAVALE\BATAILLE_NAVALE.csproj", "{EE9239BF-F80B-479F-934C-75483F6C3F0D}"
EndProject
Global
	GlobalSection(SolutionConfigurationPlatforms) = preSolution
		Debug|Any CPU = Debug|Any CPU
		Release|Any CPU = Release|Any CPU
	EndGlobalSection
	GlobalSection(ProjectConfigurationPlatforms) = postSolution
		{EE9239BF-F80B-479F-934C-75483F6C3F0D}.Debug|Any CPU.ActiveCfg = Debug|Any CPU
		{EE9239BF-F80B-479F-934C-75483F6C3F0D}.Debug|Any CPU.Build.0 = Debug|Any CPU
		{EE9239BF-F80B-479F-934C-75483F6C3F0D}.Release|Any CPU.ActiveCfg = Release|Any CPU
		{EE9239BF-F80B-479F-934C-75483F6C3F0D}.Release|Any CPU.Build.0 = Release|Any CPU
	EndGlobalSection
	GlobalSection(SolutionProperties) = preSolution
		HideSolutionNode = FALSE
	EndGlobalSection
	GlobalSection(ExtensibilityGlobals) = postSolution
		SolutionGuid = {E39C0829-8B29-412E-BEFC-6C6144B5376B}
	EndGlobalSection
EndGlobal
